
Microsoft Visual Studio Solution File, Format Version 12.00
# Visual Studio Version 17
VisualStudioVersion = 17.11.35312.102
MinimumVisualStudioVersion = 10.0.40219.1
Project("{FAE04EC0-301F-11D3-BF4B-00C04F79EFBC}") = "ShopOnline.Web", "ShopOnline.Web\ShopOnline.Web.csproj", "{7A0F9AF8-B1E1-452F-ABD2-6D3103414C70}"
EndProject
Project("{FAE04EC0-301F-11D3-BF4B-00C04F79EFBC}") = "ShopOnline.Api", "ShopOnline.Api\ShopOnline.Api.csproj", "{C907A8EC-C033-489E-BA5C-0CC35AAB5198}"
EndProject
Global
	GlobalSection(SolutionConfigurationPlatforms) = preSolution
		Debug|Any CPU = Debug|Any CPU
		Release|Any CPU = Release|Any CPU
	EndGlobalSection
	GlobalSection(ProjectConfigurationPlatforms) = postSolution
		{7A0F9AF8-B1E1-452F-ABD2-6D3103414C70}.Debug|Any CPU.ActiveCfg = Debug|Any CPU
		{7A0F9AF8-B1E1-452F-ABD2-6D3103414C70}.Debug|Any CPU.Build.0 = Debug|Any CPU
		{7A0F9AF8-B1E1-452F-ABD2-6D3103414C70}.Release|Any CPU.ActiveCfg = Release|Any CPU
		{7A0F9AF8-B1E1-452F-ABD2-6D3103414C70}.Release|Any CPU.Build.0 = Release|Any CPU
		{C907A8EC-C033-489E-BA5C-0CC35AAB5198}.Debug|Any CPU.ActiveCfg = Debug|Any CPU
		{C907A8EC-C033-489E-BA5C-0CC35AAB5198}.Debug|Any CPU.Build.0 = Debug|Any CPU
		{C907A8EC-C033-489E-BA5C-0CC35AAB5198}.Release|Any CPU.ActiveCfg = Release|Any CPU
		{C907A8EC-C033-489E-BA5C-0CC35AAB5198}.Release|Any CPU.Build.0 = Release|Any CPU
	EndGlobalSection
	GlobalSection(SolutionProperties) = preSolution
		HideSolutionNode = FALSE
	EndGlobalSection
	GlobalSection(ExtensibilityGlobals) = postSolution
		SolutionGuid = {0DD08154-6A40-437C-9BE1-152301323730}
	EndGlobalSection
EndGlobal
